
Microsoft Visual Studio Solution File, Format Version 12.00
# Visual Studio 15
VisualStudioVersion = 15.0.28307.645
MinimumVisualStudioVersion = 10.0.40219.1
Project("{FAE04EC0-301F-11D3-BF4B-00C04F79EFBC}") = "UI", "UI\UI.csproj", "{D2CD86FA-3625-4D22-B67B-BF1BAA345EF2}"
EndProject
Global
	GlobalSection(SolutionConfigurationPlatforms) = preSolution
		Debug|Any CPU = Debug|Any CPU
		Release|Any CPU = Release|Any CPU
	EndGlobalSection
	GlobalSection(ProjectConfigurationPlatforms) = postSolution
		{D2CD86FA-3625-4D22-B67B-BF1BAA345EF2}.Debug|Any CPU.ActiveCfg = Debug|Any CPU
		{D2CD86FA-3625-4D22-B67B-BF1BAA345EF2}.Debug|Any CPU.Build.0 = Debug|Any CPU
		{D2CD86FA-3625-4D22-B67B-BF1BAA345EF2}.Release|Any CPU.ActiveCfg = Release|Any CPU
		{D2CD86FA-3625-4D22-B67B-BF1BAA345EF2}.Release|Any CPU.Build.0 = Release|Any CPU
	EndGlobalSection
	GlobalSection(SolutionProperties) = preSolution
		HideSolutionNode = FALSE
	EndGlobalSection
	GlobalSection(ExtensibilityGlobals) = postSolution
		SolutionGuid = {802D1F1F-2406-47BE-B0A9-AE28F44691B6}
	EndGlobalSection
EndGlobal
